{
  "name": "@8p/menu",
  "version": "0.1.0",
  "lockfileVersion": 3,
  "requires": true,
  "packages": {
    "": {
      "name": "@8p/menu",
      "version": "0.1.0",
      "license": "Apache-2.0",
      "dependencies": {
        "@2-/new": "^0.0.1",
        "@8p/smnt": "^0.0.1",
      }
    },
    "node_modules/.pnpm/@8p+new@0.0.1/node_modules/@2-/new": {
      "version": "0.0.1",
      "license": "Apache-2.0",
      "devDependencies": {}
    },
      "version": "0.0.1",
      "license": "Apache-2.0"
    },
    "node_modules/@2-/new": {
      "resolved": "node_modules/.pnpm/@8p+new@0.0.1/node_modules/@2-/new",
      "link": true
    },
    "node_modules/@8p/smnt": {
      "version": "0.0.1",
      "resolved": "https://registry.npmjs.org/@8p/smnt/-/smnt-0.0.1.tgz",
      "integrity": "sha512-75CzSNy9o4hOgpGp/1phomxEOQKXnwvst4Z4elKlMcBKE9jCr2QkhoswCzj1dxulq7xwN+F7d/fHIDEgCe5hqQ=="
    },
      "link": true
    }
  }
}
