{
  "name": "@~3/menu",
  "version": "0.1.0",
  "lockfileVersion": 3,
  "requires": true,
  "packages": {
    "": {
      "name": "@~3/menu",
      "version": "0.1.0",
      "license": "Apache-2.0",
      "dependencies": {
        "@2-/new": "^0.0.1",
        "@~3/svelte_mount": "^0.0.1",
        "@3-/on": "^0.0.1"
      }
    },
    "node_modules/.pnpm/@~3+new@0.0.1/node_modules/@2-/new": {
      "version": "0.0.1",
      "license": "Apache-2.0",
      "devDependencies": {}
    },
    "node_modules/.pnpm/@3-+on@0.0.1/node_modules/@3-/on": {
      "version": "0.0.1",
      "license": "Apache-2.0"
    },
    "node_modules/@2-/new": {
      "resolved": "node_modules/.pnpm/@~3+new@0.0.1/node_modules/@2-/new",
      "link": true
    },
    "node_modules/@~3/svelte_mount": {
      "version": "0.0.1",
      "resolved": "https://registry.npmjs.org/@~3/svelte_mount/-/svelte_mount-0.0.1.tgz",
      "integrity": "sha512-75CzSNy9o4hOgpGp/1phomxEOQKXnwvst4Z4elKlMcBKE9jCr2QkhoswCzj1dxulq7xwN+F7d/fHIDEgCe5hqQ=="
    },
    "node_modules/@3-/on": {
      "resolved": "node_modules/.pnpm/@3-+on@0.0.1/node_modules/@3-/on",
      "link": true
    }
  }
}
